
Microsoft Visual Studio Solution File, Format Version 12.00
# Visual Studio Version 17
VisualStudioVersion = 17.0.31903.59
MinimumVisualStudioVersion = 10.0.40219.1
Project("{FAE04EC0-301F-11D3-BF4B-00C04F79EFBC}") = "QuantumAuth", "QuantumAuth\QuantumAuth\QuantumAuth.csproj", "{D12115B4-C0E4-7A62-CEE3-D0975D569639}"
EndProject
Project("{FAE04EC0-301F-11D3-BF4B-00C04F79EFBC}") = "QuantumAuth.Client", "QuantumAuth\QuantumAuth.Client\QuantumAuth.Client.csproj", "{A53FB939-79E4-449D-B720-A2A7933C6231}"
EndProject
Project("{FAE04EC0-301F-11D3-BF4B-00C04F79EFBC}") = "quantum-auth.AppHost", "quantum-auth.AppHost\quantum-auth.AppHost.csproj", "{0F51157F-5E2E-4D83-A828-F1353F56D043}"
EndProject
Project("{FAE04EC0-301F-11D3-BF4B-00C04F79EFBC}") = "quantum-auth.ServiceDefaults", "quantum-auth.ServiceDefaults\quantum-auth.ServiceDefaults.csproj", "{E52C39A1-3966-22B7-27B4-7AFDB8E84E07}"
EndProject
Global
	GlobalSection(SolutionConfigurationPlatforms) = preSolution
		Debug|Any CPU = Debug|Any CPU
		Release|Any CPU = Release|Any CPU
	EndGlobalSection
	GlobalSection(ProjectConfigurationPlatforms) = postSolution
		{D12115B4-C0E4-7A62-CEE3-D0975D569639}.Debug|Any CPU.ActiveCfg = Debug|Any CPU
		{D12115B4-C0E4-7A62-CEE3-D0975D569639}.Debug|Any CPU.Build.0 = Debug|Any CPU
		{D12115B4-C0E4-7A62-CEE3-D0975D569639}.Release|Any CPU.ActiveCfg = Release|Any CPU
		{D12115B4-C0E4-7A62-CEE3-D0975D569639}.Release|Any CPU.Build.0 = Release|Any CPU
		{A53FB939-79E4-449D-B720-A2A7933C6231}.Debug|Any CPU.ActiveCfg = Debug|Any CPU
		{A53FB939-79E4-449D-B720-A2A7933C6231}.Debug|Any CPU.Build.0 = Debug|Any CPU
		{A53FB939-79E4-449D-B720-A2A7933C6231}.Release|Any CPU.ActiveCfg = Release|Any CPU
		{A53FB939-79E4-449D-B720-A2A7933C6231}.Release|Any CPU.Build.0 = Release|Any CPU
		{0F51157F-5E2E-4D83-A828-F1353F56D043}.Debug|Any CPU.ActiveCfg = Debug|Any CPU
		{0F51157F-5E2E-4D83-A828-F1353F56D043}.Debug|Any CPU.Build.0 = Debug|Any CPU
		{0F51157F-5E2E-4D83-A828-F1353F56D043}.Release|Any CPU.ActiveCfg = Release|Any CPU
		{0F51157F-5E2E-4D83-A828-F1353F56D043}.Release|Any CPU.Build.0 = Release|Any CPU
		{E52C39A1-3966-22B7-27B4-7AFDB8E84E07}.Debug|Any CPU.ActiveCfg = Debug|Any CPU
		{E52C39A1-3966-22B7-27B4-7AFDB8E84E07}.Debug|Any CPU.Build.0 = Debug|Any CPU
		{E52C39A1-3966-22B7-27B4-7AFDB8E84E07}.Release|Any CPU.ActiveCfg = Release|Any CPU
		{E52C39A1-3966-22B7-27B4-7AFDB8E84E07}.Release|Any CPU.Build.0 = Release|Any CPU
	EndGlobalSection
	GlobalSection(SolutionProperties) = preSolution
		HideSolutionNode = FALSE
	EndGlobalSection
	GlobalSection(ExtensibilityGlobals) = postSolution
		SolutionGuid = {EE411BCF-93C1-4397-961F-ADB4A7772C50}
	EndGlobalSection
EndGlobal
